
Microsoft Visual Studio Solution File, Format Version 12.00
# Visual Studio 15
VisualStudioVersion = 15.0.28307.757
MinimumVisualStudioVersion = 10.0.40219.1
Project("{6989167D-11E4-40FE-8C1A-2192A86A7E90}") = "bmi_prms_soil", "bmi_prms_soil\bmi_prms_soil.vfproj", "{637D81BB-3839-408E-8D98-3FAB44AEF0CE}"
EndProject
Project("{6989167D-11E4-40FE-8C1A-2192A86A7E90}") = "test_set_value", "test_set_value\test_set_value.vfproj", "{0CC7AAA9-4299-4E83-9FF3-8920176F154E}"
EndProject
Project("{6989167D-11E4-40FE-8C1A-2192A86A7E90}") = "irf_ex", "irf_ex\irf_ex.vfproj", "{FAE06685-C62A-42CC-A557-4BEB5DA47F8F}"
EndProject
Global
	GlobalSection(SolutionConfigurationPlatforms) = preSolution
		Debug|x64 = Debug|x64
		Debug|x86 = Debug|x86
		Release|x64 = Release|x64
		Release|x86 = Release|x86
	EndGlobalSection
	GlobalSection(ProjectConfigurationPlatforms) = postSolution
		{637D81BB-3839-408E-8D98-3FAB44AEF0CE}.Debug|x64.ActiveCfg = Debug|x64
		{637D81BB-3839-408E-8D98-3FAB44AEF0CE}.Debug|x64.Build.0 = Debug|x64
		{637D81BB-3839-408E-8D98-3FAB44AEF0CE}.Debug|x86.ActiveCfg = Debug|Win32
		{637D81BB-3839-408E-8D98-3FAB44AEF0CE}.Debug|x86.Build.0 = Debug|Win32
		{637D81BB-3839-408E-8D98-3FAB44AEF0CE}.Release|x64.ActiveCfg = Release|Win32
		{637D81BB-3839-408E-8D98-3FAB44AEF0CE}.Release|x64.Build.0 = Release|Win32
		{637D81BB-3839-408E-8D98-3FAB44AEF0CE}.Release|x86.ActiveCfg = Release|Win32
		{637D81BB-3839-408E-8D98-3FAB44AEF0CE}.Release|x86.Build.0 = Release|Win32
		{0CC7AAA9-4299-4E83-9FF3-8920176F154E}.Debug|x64.ActiveCfg = Debug|x64
		{0CC7AAA9-4299-4E83-9FF3-8920176F154E}.Debug|x64.Build.0 = Debug|x64
		{0CC7AAA9-4299-4E83-9FF3-8920176F154E}.Debug|x86.ActiveCfg = Debug|Win32
		{0CC7AAA9-4299-4E83-9FF3-8920176F154E}.Debug|x86.Build.0 = Debug|Win32
		{0CC7AAA9-4299-4E83-9FF3-8920176F154E}.Release|x64.ActiveCfg = Release|Win32
		{0CC7AAA9-4299-4E83-9FF3-8920176F154E}.Release|x86.ActiveCfg = Release|Win32
		{0CC7AAA9-4299-4E83-9FF3-8920176F154E}.Release|x86.Build.0 = Release|Win32
		{FAE06685-C62A-42CC-A557-4BEB5DA47F8F}.Debug|x64.ActiveCfg = Debug|x64
		{FAE06685-C62A-42CC-A557-4BEB5DA47F8F}.Debug|x64.Build.0 = Debug|x64
		{FAE06685-C62A-42CC-A557-4BEB5DA47F8F}.Debug|x86.ActiveCfg = Debug|Win32
		{FAE06685-C62A-42CC-A557-4BEB5DA47F8F}.Debug|x86.Build.0 = Debug|Win32
		{FAE06685-C62A-42CC-A557-4BEB5DA47F8F}.Release|x64.ActiveCfg = Release|Win32
		{FAE06685-C62A-42CC-A557-4BEB5DA47F8F}.Release|x86.ActiveCfg = Release|Win32
		{FAE06685-C62A-42CC-A557-4BEB5DA47F8F}.Release|x86.Build.0 = Release|Win32
	EndGlobalSection
	GlobalSection(SolutionProperties) = preSolution
		HideSolutionNode = FALSE
	EndGlobalSection
	GlobalSection(ExtensibilityGlobals) = postSolution
		SolutionGuid = {974C84F3-5FEE-40A1-8806-B647DE4DCAB2}
	EndGlobalSection
EndGlobal
