
Microsoft Visual Studio Solution File, Format Version 12.00
# Visual Studio 15
VisualStudioVersion = 15.0.28307.757
MinimumVisualStudioVersion = 10.0.40219.1
Project("{6989167D-11E4-40FE-8C1A-2192A86A7E90}") = "bmi_prms_soil", "bmi_prms_soil\bmi_prms_soil.vfproj", "{637D81BB-3839-408E-8D98-3FAB44AEF0CE}"
EndProject
Project("{6989167D-11E4-40FE-8C1A-2192A86A7E90}") = "test_set_value", "test_set_value\test_set_value.vfproj", "{0CC7AAA9-4299-4E83-9FF3-8920176F154E}"
EndProject
Project("{6989167D-11E4-40FE-8C1A-2192A86A7E90}") = "irf_ex", "irf_ex\irf_ex.vfproj", "{FAE06685-C62A-42CC-A557-4BEB5DA47F8F}"
	ProjectSection(ProjectDependencies) = postProject
		{637D81BB-3839-408E-8D98-3FAB44AEF0CE} = {637D81BB-3839-408E-8D98-3FAB44AEF0CE}
	EndProjectSection
EndProject
Project("{6989167D-11E4-40FE-8C1A-2192A86A7E90}") = "test_set_value_at_indices", "test_set_value_at_indices\test_set_value_at_indices.vfproj", "{E3A027E4-21D1-4B9D-8135-11167E5B51F4}"
EndProject
Project("{6989167D-11E4-40FE-8C1A-2192A86A7E90}") = "test_get_value", "test_get_value\test_get_value.vfproj", "{0B8165C6-3D60-4586-AA30-E379CD17C93D}"
EndProject
Project("{6989167D-11E4-40FE-8C1A-2192A86A7E90}") = "test_get_value_at_indices", "test_get_value_at_indices\test_get_value_at_indices.vfproj", "{134F7BD2-936D-4CA0-AC5D-0909A70D0F01}"
EndProject
Project("{6989167D-11E4-40FE-8C1A-2192A86A7E90}") = "test_get_value_ptr", "test_get_value_ptr\test_get_value_ptr.vfproj", "{193D47CE-DE50-4667-992E-5CF05D6BD146}"
EndProject
Global
	GlobalSection(SolutionConfigurationPlatforms) = preSolution
		Debug|x64 = Debug|x64
		Debug|x86 = Debug|x86
		Release|x64 = Release|x64
		Release|x86 = Release|x86
	EndGlobalSection
	GlobalSection(ProjectConfigurationPlatforms) = postSolution
		{637D81BB-3839-408E-8D98-3FAB44AEF0CE}.Debug|x64.ActiveCfg = Debug|x64
		{637D81BB-3839-408E-8D98-3FAB44AEF0CE}.Debug|x64.Build.0 = Debug|x64
		{637D81BB-3839-408E-8D98-3FAB44AEF0CE}.Debug|x86.ActiveCfg = Debug|Win32
		{637D81BB-3839-408E-8D98-3FAB44AEF0CE}.Debug|x86.Build.0 = Debug|Win32
		{637D81BB-3839-408E-8D98-3FAB44AEF0CE}.Release|x64.ActiveCfg = Release|Win32
		{637D81BB-3839-408E-8D98-3FAB44AEF0CE}.Release|x64.Build.0 = Release|Win32
		{637D81BB-3839-408E-8D98-3FAB44AEF0CE}.Release|x86.ActiveCfg = Release|Win32
		{637D81BB-3839-408E-8D98-3FAB44AEF0CE}.Release|x86.Build.0 = Release|Win32
		{0CC7AAA9-4299-4E83-9FF3-8920176F154E}.Debug|x64.ActiveCfg = Debug|x64
		{0CC7AAA9-4299-4E83-9FF3-8920176F154E}.Debug|x64.Build.0 = Debug|x64
		{0CC7AAA9-4299-4E83-9FF3-8920176F154E}.Debug|x86.ActiveCfg = Debug|Win32
		{0CC7AAA9-4299-4E83-9FF3-8920176F154E}.Debug|x86.Build.0 = Debug|Win32
		{0CC7AAA9-4299-4E83-9FF3-8920176F154E}.Release|x64.ActiveCfg = Release|Win32
		{0CC7AAA9-4299-4E83-9FF3-8920176F154E}.Release|x86.ActiveCfg = Release|Win32
		{0CC7AAA9-4299-4E83-9FF3-8920176F154E}.Release|x86.Build.0 = Release|Win32
		{FAE06685-C62A-42CC-A557-4BEB5DA47F8F}.Debug|x64.ActiveCfg = Debug|x64
		{FAE06685-C62A-42CC-A557-4BEB5DA47F8F}.Debug|x64.Build.0 = Debug|x64
		{FAE06685-C62A-42CC-A557-4BEB5DA47F8F}.Debug|x86.ActiveCfg = Debug|Win32
		{FAE06685-C62A-42CC-A557-4BEB5DA47F8F}.Debug|x86.Build.0 = Debug|Win32
		{FAE06685-C62A-42CC-A557-4BEB5DA47F8F}.Release|x64.ActiveCfg = Release|Win32
		{FAE06685-C62A-42CC-A557-4BEB5DA47F8F}.Release|x86.ActiveCfg = Release|Win32
		{FAE06685-C62A-42CC-A557-4BEB5DA47F8F}.Release|x86.Build.0 = Release|Win32
		{E3A027E4-21D1-4B9D-8135-11167E5B51F4}.Debug|x64.ActiveCfg = Debug|x64
		{E3A027E4-21D1-4B9D-8135-11167E5B51F4}.Debug|x64.Build.0 = Debug|x64
		{E3A027E4-21D1-4B9D-8135-11167E5B51F4}.Debug|x86.ActiveCfg = Debug|Win32
		{E3A027E4-21D1-4B9D-8135-11167E5B51F4}.Debug|x86.Build.0 = Debug|Win32
		{E3A027E4-21D1-4B9D-8135-11167E5B51F4}.Release|x64.ActiveCfg = Release|Win32
		{E3A027E4-21D1-4B9D-8135-11167E5B51F4}.Release|x86.ActiveCfg = Release|Win32
		{E3A027E4-21D1-4B9D-8135-11167E5B51F4}.Release|x86.Build.0 = Release|Win32
		{0B8165C6-3D60-4586-AA30-E379CD17C93D}.Debug|x64.ActiveCfg = Debug|x64
		{0B8165C6-3D60-4586-AA30-E379CD17C93D}.Debug|x64.Build.0 = Debug|x64
		{0B8165C6-3D60-4586-AA30-E379CD17C93D}.Debug|x86.ActiveCfg = Debug|Win32
		{0B8165C6-3D60-4586-AA30-E379CD17C93D}.Debug|x86.Build.0 = Debug|Win32
		{0B8165C6-3D60-4586-AA30-E379CD17C93D}.Release|x64.ActiveCfg = Release|Win32
		{0B8165C6-3D60-4586-AA30-E379CD17C93D}.Release|x86.ActiveCfg = Release|Win32
		{0B8165C6-3D60-4586-AA30-E379CD17C93D}.Release|x86.Build.0 = Release|Win32
		{134F7BD2-936D-4CA0-AC5D-0909A70D0F01}.Debug|x64.ActiveCfg = Debug|x64
		{134F7BD2-936D-4CA0-AC5D-0909A70D0F01}.Debug|x64.Build.0 = Debug|x64
		{134F7BD2-936D-4CA0-AC5D-0909A70D0F01}.Debug|x86.ActiveCfg = Debug|Win32
		{134F7BD2-936D-4CA0-AC5D-0909A70D0F01}.Debug|x86.Build.0 = Debug|Win32
		{134F7BD2-936D-4CA0-AC5D-0909A70D0F01}.Release|x64.ActiveCfg = Release|Win32
		{134F7BD2-936D-4CA0-AC5D-0909A70D0F01}.Release|x86.ActiveCfg = Release|Win32
		{134F7BD2-936D-4CA0-AC5D-0909A70D0F01}.Release|x86.Build.0 = Release|Win32
		{193D47CE-DE50-4667-992E-5CF05D6BD146}.Debug|x64.ActiveCfg = Debug|x64
		{193D47CE-DE50-4667-992E-5CF05D6BD146}.Debug|x64.Build.0 = Debug|x64
		{193D47CE-DE50-4667-992E-5CF05D6BD146}.Debug|x86.ActiveCfg = Debug|Win32
		{193D47CE-DE50-4667-992E-5CF05D6BD146}.Debug|x86.Build.0 = Debug|Win32
		{193D47CE-DE50-4667-992E-5CF05D6BD146}.Release|x64.ActiveCfg = Release|Win32
		{193D47CE-DE50-4667-992E-5CF05D6BD146}.Release|x86.ActiveCfg = Release|Win32
		{193D47CE-DE50-4667-992E-5CF05D6BD146}.Release|x86.Build.0 = Release|Win32
	EndGlobalSection
	GlobalSection(SolutionProperties) = preSolution
		HideSolutionNode = FALSE
	EndGlobalSection
	GlobalSection(ExtensibilityGlobals) = postSolution
		SolutionGuid = {974C84F3-5FEE-40A1-8806-B647DE4DCAB2}
	EndGlobalSection
EndGlobal
